// !$*UTF8*$!
{
	archiveVersion = 1;
	classes = {
	};
	objectVersion = 56;
	objects = {

/* Begin PBXBuildFile section */
		44A01A712BB45F020093E53C /* CatalogueCore.framework in Frameworks */ = {isa = PBXBuildFile; fileRef = 44A01A682BB45F020093E53C /* CatalogueCore.framework */; };
		44A01A762BB45F020093E53C /* LoadSportsUseCaseTests.swift in Sources */ = {isa = PBXBuildFile; fileRef = 44A01A752BB45F020093E53C /* LoadSportsUseCaseTests.swift */; };
		44A01A772BB45F020093E53C /* CatalogueCore.h in Headers */ = {isa = PBXBuildFile; fileRef = 44A01A6B2BB45F020093E53C /* CatalogueCore.h */; settings = {ATTRIBUTES = (Public, ); }; };
		44A01A822BB464FC0093E53C /* Sport.swift in Sources */ = {isa = PBXBuildFile; fileRef = 44A01A812BB464FC0093E53C /* Sport.swift */; };
		44A01A872BB6A8BE0093E53C /* RemoteSportsLoader.swift in Sources */ = {isa = PBXBuildFile; fileRef = 44A01A862BB6A8BE0093E53C /* RemoteSportsLoader.swift */; };
		44A01A892BB6A8E10093E53C /* HTTPClient.swift in Sources */ = {isa = PBXBuildFile; fileRef = 44A01A882BB6A8E10093E53C /* HTTPClient.swift */; };
		44A01A8B2BB6A93F0093E53C /* SportsMapper.swift in Sources */ = {isa = PBXBuildFile; fileRef = 44A01A8A2BB6A93F0093E53C /* SportsMapper.swift */; };
		44A01A8D2BB6A9660093E53C /* RemoteSport.swift in Sources */ = {isa = PBXBuildFile; fileRef = 44A01A8C2BB6A9660093E53C /* RemoteSport.swift */; };
		44A01A8F2BB6ABF40093E53C /* LoadSportsEndToEndTests.swift in Sources */ = {isa = PBXBuildFile; fileRef = 44A01A8E2BB6ABF40093E53C /* LoadSportsEndToEndTests.swift */; };
		44A01A912BB6B28A0093E53C /* URLSessionClient.swift in Sources */ = {isa = PBXBuildFile; fileRef = 44A01A902BB6B28A0093E53C /* URLSessionClient.swift */; };
		44A01AD62BB6BDFF0093E53C /* CatalogueiOS.framework in Frameworks */ = {isa = PBXBuildFile; fileRef = 44A01ACE2BB6BDFE0093E53C /* CatalogueiOS.framework */; };
		44A01ADB2BB6BDFF0093E53C /* CatalogueiOSTests.swift in Sources */ = {isa = PBXBuildFile; fileRef = 44A01ADA2BB6BDFF0093E53C /* CatalogueiOSTests.swift */; };
		44A01ADC2BB6BDFF0093E53C /* CatalogueiOS.h in Headers */ = {isa = PBXBuildFile; fileRef = 44A01AD02BB6BDFE0093E53C /* CatalogueiOS.h */; settings = {ATTRIBUTES = (Public, ); }; };
		44A01AE42BB6BEE90093E53C /* Catalogue.storyboard in Resources */ = {isa = PBXBuildFile; fileRef = 44A01AE32BB6BEE90093E53C /* Catalogue.storyboard */; };
/* End PBXBuildFile section */

/* Begin PBXContainerItemProxy section */
		44A01A722BB45F020093E53C /* PBXContainerItemProxy */ = {
			isa = PBXContainerItemProxy;
			containerPortal = 44A01A5F2BB45F020093E53C /* Project object */;
			proxyType = 1;
			remoteGlobalIDString = 44A01A672BB45F020093E53C;
			remoteInfo = CatalogueCore;
		};
		44A01AD72BB6BDFF0093E53C /* PBXContainerItemProxy */ = {
			isa = PBXContainerItemProxy;
			containerPortal = 44A01A5F2BB45F020093E53C /* Project object */;
			proxyType = 1;
			remoteGlobalIDString = 44A01ACD2BB6BDFE0093E53C;
			remoteInfo = CatalogueiOS;
		};
/* End PBXContainerItemProxy section */

/* Begin PBXFileReference section */
		44A01A682BB45F020093E53C /* CatalogueCore.framework */ = {isa = PBXFileReference; explicitFileType = wrapper.framework; includeInIndex = 0; path = CatalogueCore.framework; sourceTree = BUILT_PRODUCTS_DIR; };
		44A01A6B2BB45F020093E53C /* CatalogueCore.h */ = {isa = PBXFileReference; lastKnownFileType = sourcecode.c.h; path = CatalogueCore.h; sourceTree = "<group>"; };
		44A01A702BB45F020093E53C /* CatalogueCoreTests.xctest */ = {isa = PBXFileReference; explicitFileType = wrapper.cfbundle; includeInIndex = 0; path = CatalogueCoreTests.xctest; sourceTree = BUILT_PRODUCTS_DIR; };
		44A01A752BB45F020093E53C /* LoadSportsUseCaseTests.swift */ = {isa = PBXFileReference; lastKnownFileType = sourcecode.swift; path = LoadSportsUseCaseTests.swift; sourceTree = "<group>"; };
		44A01A812BB464FC0093E53C /* Sport.swift */ = {isa = PBXFileReference; lastKnownFileType = sourcecode.swift; path = Sport.swift; sourceTree = "<group>"; };
		44A01A862BB6A8BE0093E53C /* RemoteSportsLoader.swift */ = {isa = PBXFileReference; lastKnownFileType = sourcecode.swift; path = RemoteSportsLoader.swift; sourceTree = "<group>"; };
		44A01A882BB6A8E10093E53C /* HTTPClient.swift */ = {isa = PBXFileReference; lastKnownFileType = sourcecode.swift; path = HTTPClient.swift; sourceTree = "<group>"; };
		44A01A8A2BB6A93F0093E53C /* SportsMapper.swift */ = {isa = PBXFileReference; lastKnownFileType = sourcecode.swift; path = SportsMapper.swift; sourceTree = "<group>"; };
		44A01A8C2BB6A9660093E53C /* RemoteSport.swift */ = {isa = PBXFileReference; lastKnownFileType = sourcecode.swift; path = RemoteSport.swift; sourceTree = "<group>"; };
		44A01A8E2BB6ABF40093E53C /* LoadSportsEndToEndTests.swift */ = {isa = PBXFileReference; lastKnownFileType = sourcecode.swift; path = LoadSportsEndToEndTests.swift; sourceTree = "<group>"; };
		44A01A902BB6B28A0093E53C /* URLSessionClient.swift */ = {isa = PBXFileReference; lastKnownFileType = sourcecode.swift; path = URLSessionClient.swift; sourceTree = "<group>"; };
		44A01AC82BB6BD230093E53C /* CatalogueCore.xctestplan */ = {isa = PBXFileReference; lastKnownFileType = text; path = CatalogueCore.xctestplan; sourceTree = "<group>"; };
		44A01ACE2BB6BDFE0093E53C /* CatalogueiOS.framework */ = {isa = PBXFileReference; explicitFileType = wrapper.framework; includeInIndex = 0; path = CatalogueiOS.framework; sourceTree = BUILT_PRODUCTS_DIR; };
		44A01AD02BB6BDFE0093E53C /* CatalogueiOS.h */ = {isa = PBXFileReference; lastKnownFileType = sourcecode.c.h; path = CatalogueiOS.h; sourceTree = "<group>"; };
		44A01AD52BB6BDFF0093E53C /* CatalogueiOSTests.xctest */ = {isa = PBXFileReference; explicitFileType = wrapper.cfbundle; includeInIndex = 0; path = CatalogueiOSTests.xctest; sourceTree = BUILT_PRODUCTS_DIR; };
		44A01ADA2BB6BDFF0093E53C /* CatalogueiOSTests.swift */ = {isa = PBXFileReference; lastKnownFileType = sourcecode.swift; path = CatalogueiOSTests.swift; sourceTree = "<group>"; };
		44A01AE32BB6BEE90093E53C /* Catalogue.storyboard */ = {isa = PBXFileReference; lastKnownFileType = file.storyboard; path = Catalogue.storyboard; sourceTree = "<group>"; };
/* End PBXFileReference section */

/* Begin PBXFrameworksBuildPhase section */
		44A01A652BB45F020093E53C /* Frameworks */ = {
			isa = PBXFrameworksBuildPhase;
			buildActionMask = 2147483647;
			files = (
			);
			runOnlyForDeploymentPostprocessing = 0;
		};
		44A01A6D2BB45F020093E53C /* Frameworks */ = {
			isa = PBXFrameworksBuildPhase;
			buildActionMask = 2147483647;
			files = (
				44A01A712BB45F020093E53C /* CatalogueCore.framework in Frameworks */,
			);
			runOnlyForDeploymentPostprocessing = 0;
		};
		44A01ACB2BB6BDFE0093E53C /* Frameworks */ = {
			isa = PBXFrameworksBuildPhase;
			buildActionMask = 2147483647;
			files = (
			);
			runOnlyForDeploymentPostprocessing = 0;
		};
		44A01AD22BB6BDFF0093E53C /* Frameworks */ = {
			isa = PBXFrameworksBuildPhase;
			buildActionMask = 2147483647;
			files = (
				44A01AD62BB6BDFF0093E53C /* CatalogueiOS.framework in Frameworks */,
			);
			runOnlyForDeploymentPostprocessing = 0;
		};
/* End PBXFrameworksBuildPhase section */

/* Begin PBXGroup section */
		44A01A5E2BB45F020093E53C = {
			isa = PBXGroup;
			children = (
				44A01AC82BB6BD230093E53C /* CatalogueCore.xctestplan */,
				44A01A6A2BB45F020093E53C /* CatalogueCore */,
				44A01A742BB45F020093E53C /* CatalogueCoreTests */,
				44A01ACF2BB6BDFE0093E53C /* CatalogueiOS */,
				44A01AD92BB6BDFF0093E53C /* CatalogueiOSTests */,
				44A01A692BB45F020093E53C /* Products */,
			);
			sourceTree = "<group>";
		};
		44A01A692BB45F020093E53C /* Products */ = {
			isa = PBXGroup;
			children = (
				44A01A682BB45F020093E53C /* CatalogueCore.framework */,
				44A01A702BB45F020093E53C /* CatalogueCoreTests.xctest */,
				44A01ACE2BB6BDFE0093E53C /* CatalogueiOS.framework */,
				44A01AD52BB6BDFF0093E53C /* CatalogueiOSTests.xctest */,
			);
			name = Products;
			sourceTree = "<group>";
		};
		44A01A6A2BB45F020093E53C /* CatalogueCore */ = {
			isa = PBXGroup;
			children = (
				44A01A852BB6A8950093E53C /* SportsAPI */,
				44A01A802BB464B90093E53C /* Sports */,
				44A01A6B2BB45F020093E53C /* CatalogueCore.h */,
			);
			path = CatalogueCore;
			sourceTree = "<group>";
		};
		44A01A742BB45F020093E53C /* CatalogueCoreTests */ = {
			isa = PBXGroup;
			children = (
				44A01A752BB45F020093E53C /* LoadSportsUseCaseTests.swift */,
				44A01A8E2BB6ABF40093E53C /* LoadSportsEndToEndTests.swift */,
			);
			path = CatalogueCoreTests;
			sourceTree = "<group>";
		};
		44A01A802BB464B90093E53C /* Sports */ = {
			isa = PBXGroup;
			children = (
				44A01A812BB464FC0093E53C /* Sport.swift */,
			);
			path = Sports;
			sourceTree = "<group>";
		};
		44A01A852BB6A8950093E53C /* SportsAPI */ = {
			isa = PBXGroup;
			children = (
				44A01A862BB6A8BE0093E53C /* RemoteSportsLoader.swift */,
				44A01A882BB6A8E10093E53C /* HTTPClient.swift */,
				44A01A8A2BB6A93F0093E53C /* SportsMapper.swift */,
				44A01A8C2BB6A9660093E53C /* RemoteSport.swift */,
				44A01A902BB6B28A0093E53C /* URLSessionClient.swift */,
			);
			path = SportsAPI;
			sourceTree = "<group>";
		};
		44A01ACF2BB6BDFE0093E53C /* CatalogueiOS */ = {
			isa = PBXGroup;
			children = (
				44A01AD02BB6BDFE0093E53C /* CatalogueiOS.h */,
				44A01AE32BB6BEE90093E53C /* Catalogue.storyboard */,
			);
			path = CatalogueiOS;
			sourceTree = "<group>";
		};
		44A01AD92BB6BDFF0093E53C /* CatalogueiOSTests */ = {
			isa = PBXGroup;
			children = (
				44A01ADA2BB6BDFF0093E53C /* CatalogueiOSTests.swift */,
			);
			path = CatalogueiOSTests;
			sourceTree = "<group>";
		};
/* End PBXGroup section */

/* Begin PBXHeadersBuildPhase section */
		44A01A632BB45F020093E53C /* Headers */ = {
			isa = PBXHeadersBuildPhase;
			buildActionMask = 2147483647;
			files = (
				44A01A772BB45F020093E53C /* CatalogueCore.h in Headers */,
			);
			runOnlyForDeploymentPostprocessing = 0;
		};
		44A01AC92BB6BDFE0093E53C /* Headers */ = {
			isa = PBXHeadersBuildPhase;
			buildActionMask = 2147483647;
			files = (
				44A01ADC2BB6BDFF0093E53C /* CatalogueiOS.h in Headers */,
			);
			runOnlyForDeploymentPostprocessing = 0;
		};
/* End PBXHeadersBuildPhase section */

/* Begin PBXNativeTarget section */
		44A01A672BB45F020093E53C /* CatalogueCore */ = {
			isa = PBXNativeTarget;
			buildConfigurationList = 44A01A7A2BB45F020093E53C /* Build configuration list for PBXNativeTarget "CatalogueCore" */;
			buildPhases = (
				44A01A632BB45F020093E53C /* Headers */,
				44A01A642BB45F020093E53C /* Sources */,
				44A01A652BB45F020093E53C /* Frameworks */,
				44A01A662BB45F020093E53C /* Resources */,
			);
			buildRules = (
			);
			dependencies = (
			);
			name = CatalogueCore;
			productName = CatalogueCore;
			productReference = 44A01A682BB45F020093E53C /* CatalogueCore.framework */;
			productType = "com.apple.product-type.framework";
		};
		44A01A6F2BB45F020093E53C /* CatalogueCoreTests */ = {
			isa = PBXNativeTarget;
			buildConfigurationList = 44A01A7D2BB45F020093E53C /* Build configuration list for PBXNativeTarget "CatalogueCoreTests" */;
			buildPhases = (
				44A01A6C2BB45F020093E53C /* Sources */,
				44A01A6D2BB45F020093E53C /* Frameworks */,
				44A01A6E2BB45F020093E53C /* Resources */,
			);
			buildRules = (
			);
			dependencies = (
				44A01A732BB45F020093E53C /* PBXTargetDependency */,
			);
			name = CatalogueCoreTests;
			productName = CatalogueCoreTests;
			productReference = 44A01A702BB45F020093E53C /* CatalogueCoreTests.xctest */;
			productType = "com.apple.product-type.bundle.unit-test";
		};
		44A01ACD2BB6BDFE0093E53C /* CatalogueiOS */ = {
			isa = PBXNativeTarget;
			buildConfigurationList = 44A01AE12BB6BDFF0093E53C /* Build configuration list for PBXNativeTarget "CatalogueiOS" */;
			buildPhases = (
				44A01AC92BB6BDFE0093E53C /* Headers */,
				44A01ACA2BB6BDFE0093E53C /* Sources */,
				44A01ACB2BB6BDFE0093E53C /* Frameworks */,
				44A01ACC2BB6BDFE0093E53C /* Resources */,
			);
			buildRules = (
			);
			dependencies = (
			);
			name = CatalogueiOS;
			productName = CatalogueiOS;
			productReference = 44A01ACE2BB6BDFE0093E53C /* CatalogueiOS.framework */;
			productType = "com.apple.product-type.framework";
		};
		44A01AD42BB6BDFF0093E53C /* CatalogueiOSTests */ = {
			isa = PBXNativeTarget;
			buildConfigurationList = 44A01AE22BB6BDFF0093E53C /* Build configuration list for PBXNativeTarget "CatalogueiOSTests" */;
			buildPhases = (
				44A01AD12BB6BDFF0093E53C /* Sources */,
				44A01AD22BB6BDFF0093E53C /* Frameworks */,
				44A01AD32BB6BDFF0093E53C /* Resources */,
			);
			buildRules = (
			);
			dependencies = (
				44A01AD82BB6BDFF0093E53C /* PBXTargetDependency */,
			);
			name = CatalogueiOSTests;
			productName = CatalogueiOSTests;
			productReference = 44A01AD52BB6BDFF0093E53C /* CatalogueiOSTests.xctest */;
			productType = "com.apple.product-type.bundle.unit-test";
		};
/* End PBXNativeTarget section */

/* Begin PBXProject section */
		44A01A5F2BB45F020093E53C /* Project object */ = {
			isa = PBXProject;
			attributes = {
				BuildIndependentTargetsInParallel = 1;
				LastSwiftUpdateCheck = 1530;
				LastUpgradeCheck = 1530;
				TargetAttributes = {
					44A01A672BB45F020093E53C = {
						CreatedOnToolsVersion = 15.3;
						LastSwiftMigration = 1530;
					};
					44A01A6F2BB45F020093E53C = {
						CreatedOnToolsVersion = 15.3;
					};
					44A01ACD2BB6BDFE0093E53C = {
						CreatedOnToolsVersion = 15.3;
						LastSwiftMigration = 1530;
					};
					44A01AD42BB6BDFF0093E53C = {
						CreatedOnToolsVersion = 15.3;
					};
				};
			};
			buildConfigurationList = 44A01A622BB45F020093E53C /* Build configuration list for PBXProject "CatalogueCore" */;
			compatibilityVersion = "Xcode 14.0";
			developmentRegion = en;
			hasScannedForEncodings = 0;
			knownRegions = (
				en,
				Base,
			);
			mainGroup = 44A01A5E2BB45F020093E53C;
			productRefGroup = 44A01A692BB45F020093E53C /* Products */;
			projectDirPath = "";
			projectRoot = "";
			targets = (
				44A01A672BB45F020093E53C /* CatalogueCore */,
				44A01A6F2BB45F020093E53C /* CatalogueCoreTests */,
				44A01ACD2BB6BDFE0093E53C /* CatalogueiOS */,
				44A01AD42BB6BDFF0093E53C /* CatalogueiOSTests */,
			);
		};
/* End PBXProject section */

/* Begin PBXResourcesBuildPhase section */
		44A01A662BB45F020093E53C /* Resources */ = {
			isa = PBXResourcesBuildPhase;
			buildActionMask = 2147483647;
			files = (
			);
			runOnlyForDeploymentPostprocessing = 0;
		};
		44A01A6E2BB45F020093E53C /* Resources */ = {
			isa = PBXResourcesBuildPhase;
			buildActionMask = 2147483647;
			files = (
			);
			runOnlyForDeploymentPostprocessing = 0;
		};
		44A01ACC2BB6BDFE0093E53C /* Resources */ = {
			isa = PBXResourcesBuildPhase;
			buildActionMask = 2147483647;
			files = (
				44A01AE42BB6BEE90093E53C /* Catalogue.storyboard in Resources */,
			);
			runOnlyForDeploymentPostprocessing = 0;
		};
		44A01AD32BB6BDFF0093E53C /* Resources */ = {
			isa = PBXResourcesBuildPhase;
			buildActionMask = 2147483647;
			files = (
			);
			runOnlyForDeploymentPostprocessing = 0;
		};
/* End PBXResourcesBuildPhase section */

/* Begin PBXSourcesBuildPhase section */
		44A01A642BB45F020093E53C /* Sources */ = {
			isa = PBXSourcesBuildPhase;
			buildActionMask = 2147483647;
			files = (
				44A01A822BB464FC0093E53C /* Sport.swift in Sources */,
				44A01A912BB6B28A0093E53C /* URLSessionClient.swift in Sources */,
				44A01A8B2BB6A93F0093E53C /* SportsMapper.swift in Sources */,
				44A01A872BB6A8BE0093E53C /* RemoteSportsLoader.swift in Sources */,
				44A01A892BB6A8E10093E53C /* HTTPClient.swift in Sources */,
				44A01A8D2BB6A9660093E53C /* RemoteSport.swift in Sources */,
			);
			runOnlyForDeploymentPostprocessing = 0;
		};
		44A01A6C2BB45F020093E53C /* Sources */ = {
			isa = PBXSourcesBuildPhase;
			buildActionMask = 2147483647;
			files = (
				44A01A762BB45F020093E53C /* LoadSportsUseCaseTests.swift in Sources */,
				44A01A8F2BB6ABF40093E53C /* LoadSportsEndToEndTests.swift in Sources */,
			);
			runOnlyForDeploymentPostprocessing = 0;
		};
		44A01ACA2BB6BDFE0093E53C /* Sources */ = {
			isa = PBXSourcesBuildPhase;
			buildActionMask = 2147483647;
			files = (
			);
			runOnlyForDeploymentPostprocessing = 0;
		};
		44A01AD12BB6BDFF0093E53C /* Sources */ = {
			isa = PBXSourcesBuildPhase;
			buildActionMask = 2147483647;
			files = (
				44A01ADB2BB6BDFF0093E53C /* CatalogueiOSTests.swift in Sources */,
			);
			runOnlyForDeploymentPostprocessing = 0;
		};
/* End PBXSourcesBuildPhase section */

/* Begin PBXTargetDependency section */
		44A01A732BB45F020093E53C /* PBXTargetDependency */ = {
			isa = PBXTargetDependency;
			target = 44A01A672BB45F020093E53C /* CatalogueCore */;
			targetProxy = 44A01A722BB45F020093E53C /* PBXContainerItemProxy */;
		};
		44A01AD82BB6BDFF0093E53C /* PBXTargetDependency */ = {
			isa = PBXTargetDependency;
			target = 44A01ACD2BB6BDFE0093E53C /* CatalogueiOS */;
			targetProxy = 44A01AD72BB6BDFF0093E53C /* PBXContainerItemProxy */;
		};
/* End PBXTargetDependency section */

/* Begin XCBuildConfiguration section */
		44A01A782BB45F020093E53C /* Debug */ = {
			isa = XCBuildConfiguration;
			buildSettings = {
				ALWAYS_SEARCH_USER_PATHS = NO;
				ASSETCATALOG_COMPILER_GENERATE_SWIFT_ASSET_SYMBOL_EXTENSIONS = YES;
				CLANG_ANALYZER_NONNULL = YES;
				CLANG_ANALYZER_NUMBER_OBJECT_CONVERSION = YES_AGGRESSIVE;
				CLANG_CXX_LANGUAGE_STANDARD = "gnu++20";
				CLANG_ENABLE_MODULES = YES;
				CLANG_ENABLE_OBJC_ARC = YES;
				CLANG_ENABLE_OBJC_WEAK = YES;
				CLANG_WARN_BLOCK_CAPTURE_AUTORELEASING = YES;
				CLANG_WARN_BOOL_CONVERSION = YES;
				CLANG_WARN_COMMA = YES;
				CLANG_WARN_CONSTANT_CONVERSION = YES;
				CLANG_WARN_DEPRECATED_OBJC_IMPLEMENTATIONS = YES;
				CLANG_WARN_DIRECT_OBJC_ISA_USAGE = YES_ERROR;
				CLANG_WARN_DOCUMENTATION_COMMENTS = YES;
				CLANG_WARN_EMPTY_BODY = YES;
				CLANG_WARN_ENUM_CONVERSION = YES;
				CLANG_WARN_INFINITE_RECURSION = YES;
				CLANG_WARN_INT_CONVERSION = YES;
				CLANG_WARN_NON_LITERAL_NULL_CONVERSION = YES;
				CLANG_WARN_OBJC_IMPLICIT_RETAIN_SELF = YES;
				CLANG_WARN_OBJC_LITERAL_CONVERSION = YES;
				CLANG_WARN_OBJC_ROOT_CLASS = YES_ERROR;
				CLANG_WARN_QUOTED_INCLUDE_IN_FRAMEWORK_HEADER = YES;
				CLANG_WARN_RANGE_LOOP_ANALYSIS = YES;
				CLANG_WARN_STRICT_PROTOTYPES = YES;
				CLANG_WARN_SUSPICIOUS_MOVE = YES;
				CLANG_WARN_UNGUARDED_AVAILABILITY = YES_AGGRESSIVE;
				CLANG_WARN_UNREACHABLE_CODE = YES;
				CLANG_WARN__DUPLICATE_METHOD_MATCH = YES;
				COPY_PHASE_STRIP = NO;
				CURRENT_PROJECT_VERSION = 1;
				DEBUG_INFORMATION_FORMAT = dwarf;
				ENABLE_STRICT_OBJC_MSGSEND = YES;
				ENABLE_TESTABILITY = YES;
				ENABLE_USER_SCRIPT_SANDBOXING = YES;
				GCC_C_LANGUAGE_STANDARD = gnu17;
				GCC_DYNAMIC_NO_PIC = NO;
				GCC_NO_COMMON_BLOCKS = YES;
				GCC_OPTIMIZATION_LEVEL = 0;
				GCC_PREPROCESSOR_DEFINITIONS = (
					"DEBUG=1",
					"$(inherited)",
				);
				GCC_WARN_64_TO_32_BIT_CONVERSION = YES;
				GCC_WARN_ABOUT_RETURN_TYPE = YES_ERROR;
				GCC_WARN_UNDECLARED_SELECTOR = YES;
				GCC_WARN_UNINITIALIZED_AUTOS = YES_AGGRESSIVE;
				GCC_WARN_UNUSED_FUNCTION = YES;
				GCC_WARN_UNUSED_VARIABLE = YES;
				LOCALIZATION_PREFERS_STRING_CATALOGS = YES;
				MACOSX_DEPLOYMENT_TARGET = 14.2;
				MTL_ENABLE_DEBUG_INFO = INCLUDE_SOURCE;
				MTL_FAST_MATH = YES;
				ONLY_ACTIVE_ARCH = YES;
				SDKROOT = macosx;
				SWIFT_ACTIVE_COMPILATION_CONDITIONS = "DEBUG $(inherited)";
				SWIFT_OPTIMIZATION_LEVEL = "-Onone";
				VERSIONING_SYSTEM = "apple-generic";
				VERSION_INFO_PREFIX = "";
			};
			name = Debug;
		};
		44A01A792BB45F020093E53C /* Release */ = {
			isa = XCBuildConfiguration;
			buildSettings = {
				ALWAYS_SEARCH_USER_PATHS = NO;
				ASSETCATALOG_COMPILER_GENERATE_SWIFT_ASSET_SYMBOL_EXTENSIONS = YES;
				CLANG_ANALYZER_NONNULL = YES;
				CLANG_ANALYZER_NUMBER_OBJECT_CONVERSION = YES_AGGRESSIVE;
				CLANG_CXX_LANGUAGE_STANDARD = "gnu++20";
				CLANG_ENABLE_MODULES = YES;
				CLANG_ENABLE_OBJC_ARC = YES;
				CLANG_ENABLE_OBJC_WEAK = YES;
				CLANG_WARN_BLOCK_CAPTURE_AUTORELEASING = YES;
				CLANG_WARN_BOOL_CONVERSION = YES;
				CLANG_WARN_COMMA = YES;
				CLANG_WARN_CONSTANT_CONVERSION = YES;
				CLANG_WARN_DEPRECATED_OBJC_IMPLEMENTATIONS = YES;
				CLANG_WARN_DIRECT_OBJC_ISA_USAGE = YES_ERROR;
				CLANG_WARN_DOCUMENTATION_COMMENTS = YES;
				CLANG_WARN_EMPTY_BODY = YES;
				CLANG_WARN_ENUM_CONVERSION = YES;
				CLANG_WARN_INFINITE_RECURSION = YES;
				CLANG_WARN_INT_CONVERSION = YES;
				CLANG_WARN_NON_LITERAL_NULL_CONVERSION = YES;
				CLANG_WARN_OBJC_IMPLICIT_RETAIN_SELF = YES;
				CLANG_WARN_OBJC_LITERAL_CONVERSION = YES;
				CLANG_WARN_OBJC_ROOT_CLASS = YES_ERROR;
				CLANG_WARN_QUOTED_INCLUDE_IN_FRAMEWORK_HEADER = YES;
				CLANG_WARN_RANGE_LOOP_ANALYSIS = YES;
				CLANG_WARN_STRICT_PROTOTYPES = YES;
				CLANG_WARN_SUSPICIOUS_MOVE = YES;
				CLANG_WARN_UNGUARDED_AVAILABILITY = YES_AGGRESSIVE;
				CLANG_WARN_UNREACHABLE_CODE = YES;
				CLANG_WARN__DUPLICATE_METHOD_MATCH = YES;
				COPY_PHASE_STRIP = NO;
				CURRENT_PROJECT_VERSION = 1;
				DEBUG_INFORMATION_FORMAT = "dwarf-with-dsym";
				ENABLE_NS_ASSERTIONS = NO;
				ENABLE_STRICT_OBJC_MSGSEND = YES;
				ENABLE_USER_SCRIPT_SANDBOXING = YES;
				GCC_C_LANGUAGE_STANDARD = gnu17;
				GCC_NO_COMMON_BLOCKS = YES;
				GCC_WARN_64_TO_32_BIT_CONVERSION = YES;
				GCC_WARN_ABOUT_RETURN_TYPE = YES_ERROR;
				GCC_WARN_UNDECLARED_SELECTOR = YES;
				GCC_WARN_UNINITIALIZED_AUTOS = YES_AGGRESSIVE;
				GCC_WARN_UNUSED_FUNCTION = YES;
				GCC_WARN_UNUSED_VARIABLE = YES;
				LOCALIZATION_PREFERS_STRING_CATALOGS = YES;
				MACOSX_DEPLOYMENT_TARGET = 14.2;
				MTL_ENABLE_DEBUG_INFO = NO;
				MTL_FAST_MATH = YES;
				SDKROOT = macosx;
				SWIFT_COMPILATION_MODE = wholemodule;
				VERSIONING_SYSTEM = "apple-generic";
				VERSION_INFO_PREFIX = "";
			};
			name = Release;
		};
		44A01A7B2BB45F020093E53C /* Debug */ = {
			isa = XCBuildConfiguration;
			buildSettings = {
				BUILD_LIBRARY_FOR_DISTRIBUTION = YES;
				CLANG_ENABLE_MODULES = YES;
				CODE_SIGN_STYLE = Automatic;
				COMBINE_HIDPI_IMAGES = YES;
				CURRENT_PROJECT_VERSION = 1;
				DEFINES_MODULE = YES;
				DEVELOPMENT_TEAM = NXZW7962A8;
				DYLIB_COMPATIBILITY_VERSION = 1;
				DYLIB_CURRENT_VERSION = 1;
				DYLIB_INSTALL_NAME_BASE = "@rpath";
				ENABLE_MODULE_VERIFIER = YES;
				GENERATE_INFOPLIST_FILE = YES;
				INFOPLIST_KEY_NSHumanReadableCopyright = "";
				INSTALL_PATH = "$(LOCAL_LIBRARY_DIR)/Frameworks";
				LD_RUNPATH_SEARCH_PATHS = (
					"$(inherited)",
					"@executable_path/../Frameworks",
					"@loader_path/Frameworks",
				);
				MARKETING_VERSION = 1.0;
				MODULE_VERIFIER_SUPPORTED_LANGUAGES = "objective-c objective-c++";
				MODULE_VERIFIER_SUPPORTED_LANGUAGE_STANDARDS = "gnu17 gnu++20";
				PRODUCT_BUNDLE_IDENTIFIER = com.getset.CatalogueCore;
				PRODUCT_NAME = "$(TARGET_NAME:c99extidentifier)";
				SKIP_INSTALL = YES;
				SWIFT_EMIT_LOC_STRINGS = YES;
				SWIFT_INSTALL_OBJC_HEADER = NO;
				SWIFT_OPTIMIZATION_LEVEL = "-Onone";
				SWIFT_VERSION = 5.0;
			};
			name = Debug;
		};
		44A01A7C2BB45F020093E53C /* Release */ = {
			isa = XCBuildConfiguration;
			buildSettings = {
				BUILD_LIBRARY_FOR_DISTRIBUTION = YES;
				CLANG_ENABLE_MODULES = YES;
				CODE_SIGN_STYLE = Automatic;
				COMBINE_HIDPI_IMAGES = YES;
				CURRENT_PROJECT_VERSION = 1;
				DEFINES_MODULE = YES;
				DEVELOPMENT_TEAM = NXZW7962A8;
				DYLIB_COMPATIBILITY_VERSION = 1;
				DYLIB_CURRENT_VERSION = 1;
				DYLIB_INSTALL_NAME_BASE = "@rpath";
				ENABLE_MODULE_VERIFIER = YES;
				GENERATE_INFOPLIST_FILE = YES;
				INFOPLIST_KEY_NSHumanReadableCopyright = "";
				INSTALL_PATH = "$(LOCAL_LIBRARY_DIR)/Frameworks";
				LD_RUNPATH_SEARCH_PATHS = (
					"$(inherited)",
					"@executable_path/../Frameworks",
					"@loader_path/Frameworks",
				);
				MARKETING_VERSION = 1.0;
				MODULE_VERIFIER_SUPPORTED_LANGUAGES = "objective-c objective-c++";
				MODULE_VERIFIER_SUPPORTED_LANGUAGE_STANDARDS = "gnu17 gnu++20";
				PRODUCT_BUNDLE_IDENTIFIER = com.getset.CatalogueCore;
				PRODUCT_NAME = "$(TARGET_NAME:c99extidentifier)";
				SKIP_INSTALL = YES;
				SWIFT_EMIT_LOC_STRINGS = YES;
				SWIFT_INSTALL_OBJC_HEADER = NO;
				SWIFT_VERSION = 5.0;
			};
			name = Release;
		};
		44A01A7E2BB45F020093E53C /* Debug */ = {
			isa = XCBuildConfiguration;
			buildSettings = {
				ALWAYS_EMBED_SWIFT_STANDARD_LIBRARIES = YES;
				CODE_SIGN_STYLE = Automatic;
				CURRENT_PROJECT_VERSION = 1;
				DEVELOPMENT_TEAM = NXZW7962A8;
				GENERATE_INFOPLIST_FILE = YES;
				MARKETING_VERSION = 1.0;
				PRODUCT_BUNDLE_IDENTIFIER = com.getset.CatalogueCoreTests;
				PRODUCT_NAME = "$(TARGET_NAME)";
				SWIFT_EMIT_LOC_STRINGS = NO;
				SWIFT_VERSION = 5.0;
			};
			name = Debug;
		};
		44A01A7F2BB45F020093E53C /* Release */ = {
			isa = XCBuildConfiguration;
			buildSettings = {
				ALWAYS_EMBED_SWIFT_STANDARD_LIBRARIES = YES;
				CODE_SIGN_STYLE = Automatic;
				CURRENT_PROJECT_VERSION = 1;
				DEVELOPMENT_TEAM = NXZW7962A8;
				GENERATE_INFOPLIST_FILE = YES;
				MARKETING_VERSION = 1.0;
				PRODUCT_BUNDLE_IDENTIFIER = com.getset.CatalogueCoreTests;
				PRODUCT_NAME = "$(TARGET_NAME)";
				SWIFT_EMIT_LOC_STRINGS = NO;
				SWIFT_VERSION = 5.0;
			};
			name = Release;
		};
		44A01ADD2BB6BDFF0093E53C /* Debug */ = {
			isa = XCBuildConfiguration;
			buildSettings = {
				BUILD_LIBRARY_FOR_DISTRIBUTION = YES;
				CLANG_ENABLE_MODULES = YES;
				CODE_SIGN_STYLE = Automatic;
				CURRENT_PROJECT_VERSION = 1;
				DEFINES_MODULE = YES;
				DEVELOPMENT_TEAM = NXZW7962A8;
				DYLIB_COMPATIBILITY_VERSION = 1;
				DYLIB_CURRENT_VERSION = 1;
				DYLIB_INSTALL_NAME_BASE = "@rpath";
				ENABLE_MODULE_VERIFIER = YES;
				GENERATE_INFOPLIST_FILE = YES;
				INFOPLIST_KEY_NSHumanReadableCopyright = "";
				INSTALL_PATH = "$(LOCAL_LIBRARY_DIR)/Frameworks";
				IPHONEOS_DEPLOYMENT_TARGET = 16.0;
				LD_RUNPATH_SEARCH_PATHS = (
					"$(inherited)",
					"@executable_path/Frameworks",
					"@loader_path/Frameworks",
				);
				MARKETING_VERSION = 1.0;
				MODULE_VERIFIER_SUPPORTED_LANGUAGES = "objective-c objective-c++";
				MODULE_VERIFIER_SUPPORTED_LANGUAGE_STANDARDS = "gnu17 gnu++20";
				PRODUCT_BUNDLE_IDENTIFIER = com.getset.CatalogueiOS;
				PRODUCT_NAME = "$(TARGET_NAME:c99extidentifier)";
				SDKROOT = iphoneos;
				SKIP_INSTALL = YES;
				SWIFT_EMIT_LOC_STRINGS = YES;
				SWIFT_INSTALL_OBJC_HEADER = NO;
				SWIFT_OPTIMIZATION_LEVEL = "-Onone";
				SWIFT_VERSION = 5.0;
				TARGETED_DEVICE_FAMILY = "1,2";
			};
			name = Debug;
		};
		44A01ADE2BB6BDFF0093E53C /* Release */ = {
			isa = XCBuildConfiguration;
			buildSettings = {
				BUILD_LIBRARY_FOR_DISTRIBUTION = YES;
				CLANG_ENABLE_MODULES = YES;
				CODE_SIGN_STYLE = Automatic;
				CURRENT_PROJECT_VERSION = 1;
				DEFINES_MODULE = YES;
				DEVELOPMENT_TEAM = NXZW7962A8;
				DYLIB_COMPATIBILITY_VERSION = 1;
				DYLIB_CURRENT_VERSION = 1;
				DYLIB_INSTALL_NAME_BASE = "@rpath";
				ENABLE_MODULE_VERIFIER = YES;
				GENERATE_INFOPLIST_FILE = YES;
				INFOPLIST_KEY_NSHumanReadableCopyright = "";
				INSTALL_PATH = "$(LOCAL_LIBRARY_DIR)/Frameworks";
				IPHONEOS_DEPLOYMENT_TARGET = 16.0;
				LD_RUNPATH_SEARCH_PATHS = (
					"$(inherited)",
					"@executable_path/Frameworks",
					"@loader_path/Frameworks",
				);
				MARKETING_VERSION = 1.0;
				MODULE_VERIFIER_SUPPORTED_LANGUAGES = "objective-c objective-c++";
				MODULE_VERIFIER_SUPPORTED_LANGUAGE_STANDARDS = "gnu17 gnu++20";
				PRODUCT_BUNDLE_IDENTIFIER = com.getset.CatalogueiOS;
				PRODUCT_NAME = "$(TARGET_NAME:c99extidentifier)";
				SDKROOT = iphoneos;
				SKIP_INSTALL = YES;
				SWIFT_EMIT_LOC_STRINGS = YES;
				SWIFT_INSTALL_OBJC_HEADER = NO;
				SWIFT_VERSION = 5.0;
				TARGETED_DEVICE_FAMILY = "1,2";
				VALIDATE_PRODUCT = YES;
			};
			name = Release;
		};
		44A01ADF2BB6BDFF0093E53C /* Debug */ = {
			isa = XCBuildConfiguration;
			buildSettings = {
				CODE_SIGN_STYLE = Automatic;
				CURRENT_PROJECT_VERSION = 1;
				DEVELOPMENT_TEAM = NXZW7962A8;
				GENERATE_INFOPLIST_FILE = YES;
				IPHONEOS_DEPLOYMENT_TARGET = 17.4;
				MARKETING_VERSION = 1.0;
				PRODUCT_BUNDLE_IDENTIFIER = com.getset.CatalogueiOSTests;
				PRODUCT_NAME = "$(TARGET_NAME)";
				SDKROOT = iphoneos;
				SWIFT_EMIT_LOC_STRINGS = NO;
				SWIFT_VERSION = 5.0;
				TARGETED_DEVICE_FAMILY = "1,2";
			};
			name = Debug;
		};
		44A01AE02BB6BDFF0093E53C /* Release */ = {
			isa = XCBuildConfiguration;
			buildSettings = {
				CODE_SIGN_STYLE = Automatic;
				CURRENT_PROJECT_VERSION = 1;
				DEVELOPMENT_TEAM = NXZW7962A8;
				GENERATE_INFOPLIST_FILE = YES;
				IPHONEOS_DEPLOYMENT_TARGET = 17.4;
				MARKETING_VERSION = 1.0;
				PRODUCT_BUNDLE_IDENTIFIER = com.getset.CatalogueiOSTests;
				PRODUCT_NAME = "$(TARGET_NAME)";
				SDKROOT = iphoneos;
				SWIFT_EMIT_LOC_STRINGS = NO;
				SWIFT_VERSION = 5.0;
				TARGETED_DEVICE_FAMILY = "1,2";
				VALIDATE_PRODUCT = YES;
			};
			name = Release;
		};
/* End XCBuildConfiguration section */

/* Begin XCConfigurationList section */
		44A01A622BB45F020093E53C /* Build configuration list for PBXProject "CatalogueCore" */ = {
			isa = XCConfigurationList;
			buildConfigurations = (
				44A01A782BB45F020093E53C /* Debug */,
				44A01A792BB45F020093E53C /* Release */,
			);
			defaultConfigurationIsVisible = 0;
			defaultConfigurationName = Release;
		};
		44A01A7A2BB45F020093E53C /* Build configuration list for PBXNativeTarget "CatalogueCore" */ = {
			isa = XCConfigurationList;
			buildConfigurations = (
				44A01A7B2BB45F020093E53C /* Debug */,
				44A01A7C2BB45F020093E53C /* Release */,
			);
			defaultConfigurationIsVisible = 0;
			defaultConfigurationName = Release;
		};
		44A01A7D2BB45F020093E53C /* Build configuration list for PBXNativeTarget "CatalogueCoreTests" */ = {
			isa = XCConfigurationList;
			buildConfigurations = (
				44A01A7E2BB45F020093E53C /* Debug */,
				44A01A7F2BB45F020093E53C /* Release */,
			);
			defaultConfigurationIsVisible = 0;
			defaultConfigurationName = Release;
		};
		44A01AE12BB6BDFF0093E53C /* Build configuration list for PBXNativeTarget "CatalogueiOS" */ = {
			isa = XCConfigurationList;
			buildConfigurations = (
				44A01ADD2BB6BDFF0093E53C /* Debug */,
				44A01ADE2BB6BDFF0093E53C /* Release */,
			);
			defaultConfigurationIsVisible = 0;
			defaultConfigurationName = Release;
		};
		44A01AE22BB6BDFF0093E53C /* Build configuration list for PBXNativeTarget "CatalogueiOSTests" */ = {
			isa = XCConfigurationList;
			buildConfigurations = (
				44A01ADF2BB6BDFF0093E53C /* Debug */,
				44A01AE02BB6BDFF0093E53C /* Release */,
			);
			defaultConfigurationIsVisible = 0;
			defaultConfigurationName = Release;
		};
/* End XCConfigurationList section */
	};
	rootObject = 44A01A5F2BB45F020093E53C /* Project object */;
}
